// !$*UTF8*$!
{
	archiveVersion = 1;
	classes = {
	};
	objectVersion = 46;
	objects = {

/* Begin PBXBuildFile section */
		F3017ADF1CB03A5B003EB19F /* main.cpp in Sources */ = {isa = PBXBuildFile; fileRef = F3017ADE1CB03A5B003EB19F /* main.cpp */; };
		F3017AE61CB03C24003EB19F /* GLUT.framework in Frameworks */ = {isa = PBXBuildFile; fileRef = F3017AE51CB03C24003EB19F /* GLUT.framework */; };
		F3017AE81CB03C29003EB19F /* OpenGL.framework in Frameworks */ = {isa = PBXBuildFile; fileRef = F3017AE71CB03C29003EB19F /* OpenGL.framework */; };
		F36348591CD820D4008278B1 /* lodepng.cpp in Sources */ = {isa = PBXBuildFile; fileRef = F36348541CD820D4008278B1 /* lodepng.cpp */; };
/* End PBXBuildFile section */

/* Begin PBXCopyFilesBuildPhase section */
		F3017AD91CB03A5B003EB19F /* CopyFiles */ = {
			isa = PBXCopyFilesBuildPhase;
			buildActionMask = 2147483647;
			dstPath = /usr/share/man/man1/;
			dstSubfolderSpec = 0;
			files = (
			);
			runOnlyForDeploymentPostprocessing = 1;
		};
/* End PBXCopyFilesBuildPhase section */

/* Begin PBXFileReference section */
		F3017ADB1CB03A5B003EB19F /* TreeSimulation */ = {isa = PBXFileReference; explicitFileType = "compiled.mach-o.executable"; includeInIndex = 0; path = TreeSimulation; sourceTree = BUILT_PRODUCTS_DIR; };
		F3017ADE1CB03A5B003EB19F /* main.cpp */ = {isa = PBXFileReference; lastKnownFileType = sourcecode.cpp.cpp; path = main.cpp; sourceTree = "<group>"; };
		F3017AE51CB03C24003EB19F /* GLUT.framework */ = {isa = PBXFileReference; lastKnownFileType = wrapper.framework; name = GLUT.framework; path = System/Library/Frameworks/GLUT.framework; sourceTree = SDKROOT; };
		F3017AE71CB03C29003EB19F /* OpenGL.framework */ = {isa = PBXFileReference; lastKnownFileType = wrapper.framework; name = OpenGL.framework; path = System/Library/Frameworks/OpenGL.framework; sourceTree = SDKROOT; };
		F3017AE91CB03C6A003EB19F /* main.hpp */ = {isa = PBXFileReference; lastKnownFileType = sourcecode.cpp.h; path = main.hpp; sourceTree = "<group>"; };
		F30B38E31CDFFD4000FF1E58 /* tree1red.png */ = {isa = PBXFileReference; lastKnownFileType = image.png; path = tree1red.png; sourceTree = "<group>"; };
		F30B38E41CDFFD4000FF1E58 /* tree2red.png */ = {isa = PBXFileReference; lastKnownFileType = image.png; path = tree2red.png; sourceTree = "<group>"; };
		F30B390B1CE170FD00FF1E58 /* tree4red.png */ = {isa = PBXFileReference; lastKnownFileType = image.png; path = tree4red.png; sourceTree = "<group>"; };
		F36348541CD820D4008278B1 /* lodepng.cpp */ = {isa = PBXFileReference; fileEncoding = 4; lastKnownFileType = sourcecode.cpp.cpp; path = lodepng.cpp; sourceTree = "<group>"; };
		F36348551CD820D4008278B1 /* lodepng.h */ = {isa = PBXFileReference; fileEncoding = 4; lastKnownFileType = sourcecode.c.h; path = lodepng.h; sourceTree = "<group>"; };
		F36348561CD820D4008278B1 /* tree1.png */ = {isa = PBXFileReference; lastKnownFileType = image.png; path = tree1.png; sourceTree = "<group>"; };
		F36348571CD820D4008278B1 /* tree2.png */ = {isa = PBXFileReference; lastKnownFileType = image.png; path = tree2.png; sourceTree = "<group>"; };
		F36348581CD820D4008278B1 /* tree3.png */ = {isa = PBXFileReference; lastKnownFileType = image.png; path = tree3.png; sourceTree = "<group>"; };
		F3C5A77E1CB311C700DDEF6F /* tree116.bmp */ = {isa = PBXFileReference; lastKnownFileType = image.bmp; path = tree116.bmp; sourceTree = "<group>"; };
		F3C5A77F1CB311C700DDEF6F /* tree124.bmp */ = {isa = PBXFileReference; lastKnownFileType = image.bmp; path = tree124.bmp; sourceTree = "<group>"; };
		F3C5A7801CB311C700DDEF6F /* tree216.bmp */ = {isa = PBXFileReference; lastKnownFileType = image.bmp; path = tree216.bmp; sourceTree = "<group>"; };
		F3C5A7811CB311C700DDEF6F /* tree224.bmp */ = {isa = PBXFileReference; lastKnownFileType = image.bmp; path = tree224.bmp; sourceTree = "<group>"; };
/* End PBXFileReference section */

/* Begin PBXFrameworksBuildPhase section */
		F3017AD81CB03A5B003EB19F /* Frameworks */ = {
			isa = PBXFrameworksBuildPhase;
			buildActionMask = 2147483647;
			files = (
				F3017AE81CB03C29003EB19F /* OpenGL.framework in Frameworks */,
				F3017AE61CB03C24003EB19F /* GLUT.framework in Frameworks */,
			);
			runOnlyForDeploymentPostprocessing = 0;
		};
/* End PBXFrameworksBuildPhase section */

/* Begin PBXGroup section */
		F3017AD21CB03A5B003EB19F = {
			isa = PBXGroup;
			children = (
				F3017AE71CB03C29003EB19F /* OpenGL.framework */,
				F3017AE51CB03C24003EB19F /* GLUT.framework */,
				F3017ADD1CB03A5B003EB19F /* TreeSimulation */,
				F3017ADC1CB03A5B003EB19F /* Products */,
			);
			sourceTree = "<group>";
		};
		F3017ADC1CB03A5B003EB19F /* Products */ = {
			isa = PBXGroup;
			children = (
				F3017ADB1CB03A5B003EB19F /* TreeSimulation */,
			);
			name = Products;
			sourceTree = "<group>";
		};
		F3017ADD1CB03A5B003EB19F /* TreeSimulation */ = {
			isa = PBXGroup;
			children = (
				F30B390B1CE170FD00FF1E58 /* tree4red.png */,
				F30B38E31CDFFD4000FF1E58 /* tree1red.png */,
				F30B38E41CDFFD4000FF1E58 /* tree2red.png */,
				F36348541CD820D4008278B1 /* lodepng.cpp */,
				F36348551CD820D4008278B1 /* lodepng.h */,
				F36348561CD820D4008278B1 /* tree1.png */,
				F36348571CD820D4008278B1 /* tree2.png */,
				F36348581CD820D4008278B1 /* tree3.png */,
				F3C5A77E1CB311C700DDEF6F /* tree116.bmp */,
				F3C5A77F1CB311C700DDEF6F /* tree124.bmp */,
				F3C5A7801CB311C700DDEF6F /* tree216.bmp */,
				F3C5A7811CB311C700DDEF6F /* tree224.bmp */,
				F3017ADE1CB03A5B003EB19F /* main.cpp */,
				F3017AE91CB03C6A003EB19F /* main.hpp */,
			);
			path = TreeSimulation;
			sourceTree = "<group>";
		};
/* End PBXGroup section */

/* Begin PBXNativeTarget section */
		F3017ADA1CB03A5B003EB19F /* TreeSimulation */ = {
			isa = PBXNativeTarget;
			buildConfigurationList = F3017AE21CB03A5B003EB19F /* Build configuration list for PBXNativeTarget "TreeSimulation" */;
			buildPhases = (
				F3017AD71CB03A5B003EB19F /* Sources */,
				F3017AD81CB03A5B003EB19F /* Frameworks */,
				F3017AD91CB03A5B003EB19F /* CopyFiles */,
			);
			buildRules = (
			);
			dependencies = (
			);
			name = TreeSimulation;
			productName = TreeSimulation;
			productReference = F3017ADB1CB03A5B003EB19F /* TreeSimulation */;
			productType = "com.apple.product-type.tool";
		};
/* End PBXNativeTarget section */

/* Begin PBXProject section */
		F3017AD31CB03A5B003EB19F /* Project object */ = {
			isa = PBXProject;
			attributes = {
				LastUpgradeCheck = 0730;
				ORGANIZATIONNAME = "Steven Liao";
				TargetAttributes = {
					F3017ADA1CB03A5B003EB19F = {
						CreatedOnToolsVersion = 7.3;
					};
				};
			};
			buildConfigurationList = F3017AD61CB03A5B003EB19F /* Build configuration list for PBXProject "TreeSimulation" */;
			compatibilityVersion = "Xcode 3.2";
			developmentRegion = English;
			hasScannedForEncodings = 0;
			knownRegions = (
				en,
			);
			mainGroup = F3017AD21CB03A5B003EB19F;
			productRefGroup = F3017ADC1CB03A5B003EB19F /* Products */;
			projectDirPath = "";
			projectRoot = "";
			targets = (
				F3017ADA1CB03A5B003EB19F /* TreeSimulation */,
			);
		};
/* End PBXProject section */

/* Begin PBXSourcesBuildPhase section */
		F3017AD71CB03A5B003EB19F /* Sources */ = {
			isa = PBXSourcesBuildPhase;
			buildActionMask = 2147483647;
			files = (
				F36348591CD820D4008278B1 /* lodepng.cpp in Sources */,
				F3017ADF1CB03A5B003EB19F /* main.cpp in Sources */,
			);
			runOnlyForDeploymentPostprocessing = 0;
		};
/* End PBXSourcesBuildPhase section */

/* Begin XCBuildConfiguration section */
		F3017AE01CB03A5B003EB19F /* Debug */ = {
			isa = XCBuildConfiguration;
			buildSettings = {
				ALWAYS_SEARCH_USER_PATHS = NO;
				CLANG_ANALYZER_NONNULL = YES;
				CLANG_CXX_LANGUAGE_STANDARD = "gnu++0x";
				CLANG_CXX_LIBRARY = "libc++";
				CLANG_ENABLE_MODULES = YES;
				CLANG_ENABLE_OBJC_ARC = YES;
				CLANG_WARN_BOOL_CONVERSION = YES;
				CLANG_WARN_CONSTANT_CONVERSION = YES;
				CLANG_WARN_DIRECT_OBJC_ISA_USAGE = YES_ERROR;
				CLANG_WARN_EMPTY_BODY = YES;
				CLANG_WARN_ENUM_CONVERSION = YES;
				CLANG_WARN_INT_CONVERSION = YES;
				CLANG_WARN_OBJC_ROOT_CLASS = YES_ERROR;
				CLANG_WARN_UNREACHABLE_CODE = YES;
				CLANG_WARN__DUPLICATE_METHOD_MATCH = YES;
				CODE_SIGN_IDENTITY = "-";
				COPY_PHASE_STRIP = NO;
				DEBUG_INFORMATION_FORMAT = dwarf;
				ENABLE_STRICT_OBJC_MSGSEND = YES;
				ENABLE_TESTABILITY = YES;
				GCC_C_LANGUAGE_STANDARD = gnu99;
				GCC_DYNAMIC_NO_PIC = NO;
				GCC_NO_COMMON_BLOCKS = YES;
				GCC_OPTIMIZATION_LEVEL = 0;
				GCC_PREPROCESSOR_DEFINITIONS = (
					"DEBUG=1",
					"$(inherited)",
				);
				GCC_WARN_64_TO_32_BIT_CONVERSION = YES;
				GCC_WARN_ABOUT_RETURN_TYPE = YES_ERROR;
				GCC_WARN_UNDECLARED_SELECTOR = YES;
				GCC_WARN_UNINITIALIZED_AUTOS = YES_AGGRESSIVE;
				GCC_WARN_UNUSED_FUNCTION = YES;
				GCC_WARN_UNUSED_VARIABLE = YES;
				MACOSX_DEPLOYMENT_TARGET = 10.11;
				MTL_ENABLE_DEBUG_INFO = YES;
				ONLY_ACTIVE_ARCH = YES;
				SDKROOT = macosx;
			};
			name = Debug;
		};
		F3017AE11CB03A5B003EB19F /* Release */ = {
			isa = XCBuildConfiguration;
			buildSettings = {
				ALWAYS_SEARCH_USER_PATHS = NO;
				CLANG_ANALYZER_NONNULL = YES;
				CLANG_CXX_LANGUAGE_STANDARD = "gnu++0x";
				CLANG_CXX_LIBRARY = "libc++";
				CLANG_ENABLE_MODULES = YES;
				CLANG_ENABLE_OBJC_ARC = YES;
				CLANG_WARN_BOOL_CONVERSION = YES;
				CLANG_WARN_CONSTANT_CONVERSION = YES;
				CLANG_WARN_DIRECT_OBJC_ISA_USAGE = YES_ERROR;
				CLANG_WARN_EMPTY_BODY = YES;
				CLANG_WARN_ENUM_CONVERSION = YES;
				CLANG_WARN_INT_CONVERSION = YES;
				CLANG_WARN_OBJC_ROOT_CLASS = YES_ERROR;
				CLANG_WARN_UNREACHABLE_CODE = YES;
				CLANG_WARN__DUPLICATE_METHOD_MATCH = YES;
				CODE_SIGN_IDENTITY = "-";
				COPY_PHASE_STRIP = NO;
				DEBUG_INFORMATION_FORMAT = "dwarf-with-dsym";
				ENABLE_NS_ASSERTIONS = NO;
				ENABLE_STRICT_OBJC_MSGSEND = YES;
				GCC_C_LANGUAGE_STANDARD = gnu99;
				GCC_NO_COMMON_BLOCKS = YES;
				GCC_WARN_64_TO_32_BIT_CONVERSION = YES;
				GCC_WARN_ABOUT_RETURN_TYPE = YES_ERROR;
				GCC_WARN_UNDECLARED_SELECTOR = YES;
				GCC_WARN_UNINITIALIZED_AUTOS = YES_AGGRESSIVE;
				GCC_WARN_UNUSED_FUNCTION = YES;
				GCC_WARN_UNUSED_VARIABLE = YES;
				MACOSX_DEPLOYMENT_TARGET = 10.11;
				MTL_ENABLE_DEBUG_INFO = NO;
				SDKROOT = macosx;
			};
			name = Release;
		};
		F3017AE31CB03A5B003EB19F /* Debug */ = {
			isa = XCBuildConfiguration;
			buildSettings = {
				MACOSX_DEPLOYMENT_TARGET = 10.8;
				PRODUCT_NAME = "$(TARGET_NAME)";
			};
			name = Debug;
		};
		F3017AE41CB03A5B003EB19F /* Release */ = {
			isa = XCBuildConfiguration;
			buildSettings = {
				MACOSX_DEPLOYMENT_TARGET = 10.8;
				PRODUCT_NAME = "$(TARGET_NAME)";
			};
			name = Release;
		};
/* End XCBuildConfiguration section */

/* Begin XCConfigurationList section */
		F3017AD61CB03A5B003EB19F /* Build configuration list for PBXProject "TreeSimulation" */ = {
			isa = XCConfigurationList;
			buildConfigurations = (
				F3017AE01CB03A5B003EB19F /* Debug */,
				F3017AE11CB03A5B003EB19F /* Release */,
			);
			defaultConfigurationIsVisible = 0;
			defaultConfigurationName = Release;
		};
		F3017AE21CB03A5B003EB19F /* Build configuration list for PBXNativeTarget "TreeSimulation" */ = {
			isa = XCConfigurationList;
			buildConfigurations = (
				F3017AE31CB03A5B003EB19F /* Debug */,
				F3017AE41CB03A5B003EB19F /* Release */,
			);
			defaultConfigurationIsVisible = 0;
			defaultConfigurationName = Release;
		};
/* End XCConfigurationList section */
	};
	rootObject = F3017AD31CB03A5B003EB19F /* Project object */;
}
